// !$*UTF8*$!
{
	archiveVersion = 1;
	classes = {
	};
	objectVersion = 55;
	objects = {

/* Begin PBXBuildFile section */
		545844E63E4485F38C053DCF /* libPods-WhiteAndFluffyTest.a in Frameworks */ = {isa = PBXBuildFile; fileRef = 282ED15F0AD737A7B1B0413A /* libPods-WhiteAndFluffyTest.a */; };
		584DAD6B28C3C97B00ADBA2C /* CollectionPhotosViewController.swift in Sources */ = {isa = PBXBuildFile; fileRef = 584DAD6A28C3C97B00ADBA2C /* CollectionPhotosViewController.swift */; };
		584DAD6D28C3EC7700ADBA2C /* Extensions.swift in Sources */ = {isa = PBXBuildFile; fileRef = 584DAD6C28C3EC7700ADBA2C /* Extensions.swift */; };
		584DAD6F28C3EEF200ADBA2C /* DescriptionPhotoViewController.swift in Sources */ = {isa = PBXBuildFile; fileRef = 584DAD6E28C3EEF200ADBA2C /* DescriptionPhotoViewController.swift */; };
		584DAD7228C407DB00ADBA2C /* LikePhotoTableViewCell.swift in Sources */ = {isa = PBXBuildFile; fileRef = 584DAD7128C407DB00ADBA2C /* LikePhotoTableViewCell.swift */; };
		5866B76A28C3C1F90019DDA4 /* CollectionPhotoViewCell.swift in Sources */ = {isa = PBXBuildFile; fileRef = 5866B76928C3C1F90019DDA4 /* CollectionPhotoViewCell.swift */; };
		58E4B90128C27FEF0097F771 /* AppDelegate.swift in Sources */ = {isa = PBXBuildFile; fileRef = 58E4B90028C27FEF0097F771 /* AppDelegate.swift */; };
		58E4B90328C27FEF0097F771 /* SceneDelegate.swift in Sources */ = {isa = PBXBuildFile; fileRef = 58E4B90228C27FEF0097F771 /* SceneDelegate.swift */; };
		58E4B90A28C27FF10097F771 /* Assets.xcassets in Resources */ = {isa = PBXBuildFile; fileRef = 58E4B90928C27FF10097F771 /* Assets.xcassets */; };
		58E4B90D28C27FF10097F771 /* LaunchScreen.storyboard in Resources */ = {isa = PBXBuildFile; fileRef = 58E4B90B28C27FF10097F771 /* LaunchScreen.storyboard */; };
		58E4B91528C28E0A0097F771 /* MainTabBarController.swift in Sources */ = {isa = PBXBuildFile; fileRef = 58E4B91428C28E0A0097F771 /* MainTabBarController.swift */; };
		58E4B91728C28F650097F771 /* LikePhotoViewController.swift in Sources */ = {isa = PBXBuildFile; fileRef = 58E4B91628C28F650097F771 /* LikePhotoViewController.swift */; };
		58E4B91928C293A80097F771 /* Photo.swift in Sources */ = {isa = PBXBuildFile; fileRef = 58E4B91828C293A80097F771 /* Photo.swift */; };
		58E4B91B28C294210097F771 /* Constant.swift in Sources */ = {isa = PBXBuildFile; fileRef = 58E4B91A28C294210097F771 /* Constant.swift */; };
		58E4B92028C295920097F771 /* NetworkManager.swift in Sources */ = {isa = PBXBuildFile; fileRef = 58E4B91F28C295920097F771 /* NetworkManager.swift */; };
		58E4B92228C296920097F771 /* PhotoData.swift in Sources */ = {isa = PBXBuildFile; fileRef = 58E4B92128C296920097F771 /* PhotoData.swift */; };
		58EE51072965C7190060FACC /* MainTabBarAssemble.swift in Sources */ = {isa = PBXBuildFile; fileRef = 58EE51062965C7190060FACC /* MainTabBarAssemble.swift */; };
		58EE510D2965CA980060FACC /* CollectionPhotosAssemble.swift in Sources */ = {isa = PBXBuildFile; fileRef = 58EE510C2965CA980060FACC /* CollectionPhotosAssemble.swift */; };
		58EE510F2965CBA60060FACC /* CollectionPhotosViewInput.swift in Sources */ = {isa = PBXBuildFile; fileRef = 58EE510E2965CBA60060FACC /* CollectionPhotosViewInput.swift */; };
		58EE51112965CC170060FACC /* CollectionPhotosPresenterProtocol.swift in Sources */ = {isa = PBXBuildFile; fileRef = 58EE51102965CC170060FACC /* CollectionPhotosPresenterProtocol.swift */; };
		58EE51132965CC330060FACC /* CollectionPhotosPresenter.swift in Sources */ = {isa = PBXBuildFile; fileRef = 58EE51122965CC330060FACC /* CollectionPhotosPresenter.swift */; };
		58EE511A2965DEDB0060FACC /* LikePhotosAssemble.swift in Sources */ = {isa = PBXBuildFile; fileRef = 58EE51192965DEDB0060FACC /* LikePhotosAssemble.swift */; };
		58EE511C2965DF2F0060FACC /* LikePhotosPresenterProtocol.swift in Sources */ = {isa = PBXBuildFile; fileRef = 58EE511B2965DF2F0060FACC /* LikePhotosPresenterProtocol.swift */; };
		58EE511E2965DF490060FACC /* LikePhotosPresenter.swift in Sources */ = {isa = PBXBuildFile; fileRef = 58EE511D2965DF490060FACC /* LikePhotosPresenter.swift */; };
		58EE51202965DF6C0060FACC /* LikePhotosViewInput.swift in Sources */ = {isa = PBXBuildFile; fileRef = 58EE511F2965DF6C0060FACC /* LikePhotosViewInput.swift */; };
		58EE51262965E6AC0060FACC /* DescriptionPhotoAssemble.swift in Sources */ = {isa = PBXBuildFile; fileRef = 58EE51252965E6AC0060FACC /* DescriptionPhotoAssemble.swift */; };
		58EE51282965E7390060FACC /* DescriptionPhotoViewInput.swift in Sources */ = {isa = PBXBuildFile; fileRef = 58EE51272965E7390060FACC /* DescriptionPhotoViewInput.swift */; };
		58EE512A2965E75A0060FACC /* DescriptionPhotoPresenterProtocol.swift in Sources */ = {isa = PBXBuildFile; fileRef = 58EE51292965E75A0060FACC /* DescriptionPhotoPresenterProtocol.swift */; };
		58EE512C2965E7670060FACC /* DescriptionPhotoPresenter.swift in Sources */ = {isa = PBXBuildFile; fileRef = 58EE512B2965E7670060FACC /* DescriptionPhotoPresenter.swift */; };
		58EE512E29660E750060FACC /* PhotoStorage.swift in Sources */ = {isa = PBXBuildFile; fileRef = 58EE512D29660E740060FACC /* PhotoStorage.swift */; };
/* End PBXBuildFile section */

/* Begin PBXFileReference section */
		282ED15F0AD737A7B1B0413A /* libPods-WhiteAndFluffyTest.a */ = {isa = PBXFileReference; explicitFileType = archive.ar; includeInIndex = 0; path = "libPods-WhiteAndFluffyTest.a"; sourceTree = BUILT_PRODUCTS_DIR; };
		4DB291AC0B5114BF1EE5B099 /* Pods-WhiteAndFluffyTest.release.xcconfig */ = {isa = PBXFileReference; includeInIndex = 1; lastKnownFileType = text.xcconfig; name = "Pods-WhiteAndFluffyTest.release.xcconfig"; path = "Target Support Files/Pods-WhiteAndFluffyTest/Pods-WhiteAndFluffyTest.release.xcconfig"; sourceTree = "<group>"; };
		584DAD6A28C3C97B00ADBA2C /* CollectionPhotosViewController.swift */ = {isa = PBXFileReference; lastKnownFileType = sourcecode.swift; path = CollectionPhotosViewController.swift; sourceTree = "<group>"; };
		584DAD6C28C3EC7700ADBA2C /* Extensions.swift */ = {isa = PBXFileReference; lastKnownFileType = sourcecode.swift; path = Extensions.swift; sourceTree = "<group>"; };
		584DAD6E28C3EEF200ADBA2C /* DescriptionPhotoViewController.swift */ = {isa = PBXFileReference; lastKnownFileType = sourcecode.swift; path = DescriptionPhotoViewController.swift; sourceTree = "<group>"; };
		584DAD7128C407DB00ADBA2C /* LikePhotoTableViewCell.swift */ = {isa = PBXFileReference; lastKnownFileType = sourcecode.swift; path = LikePhotoTableViewCell.swift; sourceTree = "<group>"; };
		5866B76928C3C1F90019DDA4 /* CollectionPhotoViewCell.swift */ = {isa = PBXFileReference; lastKnownFileType = sourcecode.swift; path = CollectionPhotoViewCell.swift; sourceTree = "<group>"; };
		58E4B8FD28C27FEF0097F771 /* WhiteAndFluffyTest.app */ = {isa = PBXFileReference; explicitFileType = wrapper.application; includeInIndex = 0; path = WhiteAndFluffyTest.app; sourceTree = BUILT_PRODUCTS_DIR; };
		58E4B90028C27FEF0097F771 /* AppDelegate.swift */ = {isa = PBXFileReference; lastKnownFileType = sourcecode.swift; path = AppDelegate.swift; sourceTree = "<group>"; };
		58E4B90228C27FEF0097F771 /* SceneDelegate.swift */ = {isa = PBXFileReference; lastKnownFileType = sourcecode.swift; path = SceneDelegate.swift; sourceTree = "<group>"; };
		58E4B90928C27FF10097F771 /* Assets.xcassets */ = {isa = PBXFileReference; lastKnownFileType = folder.assetcatalog; path = Assets.xcassets; sourceTree = "<group>"; };
		58E4B90C28C27FF10097F771 /* Base */ = {isa = PBXFileReference; lastKnownFileType = file.storyboard; name = Base; path = Base.lproj/LaunchScreen.storyboard; sourceTree = "<group>"; };
		58E4B90E28C27FF10097F771 /* Info.plist */ = {isa = PBXFileReference; lastKnownFileType = text.plist.xml; path = Info.plist; sourceTree = "<group>"; };
		58E4B91428C28E0A0097F771 /* MainTabBarController.swift */ = {isa = PBXFileReference; lastKnownFileType = sourcecode.swift; path = MainTabBarController.swift; sourceTree = "<group>"; };
		58E4B91628C28F650097F771 /* LikePhotoViewController.swift */ = {isa = PBXFileReference; lastKnownFileType = sourcecode.swift; path = LikePhotoViewController.swift; sourceTree = "<group>"; };
		58E4B91828C293A80097F771 /* Photo.swift */ = {isa = PBXFileReference; lastKnownFileType = sourcecode.swift; path = Photo.swift; sourceTree = "<group>"; };
		58E4B91A28C294210097F771 /* Constant.swift */ = {isa = PBXFileReference; lastKnownFileType = sourcecode.swift; path = Constant.swift; sourceTree = "<group>"; };
		58E4B91F28C295920097F771 /* NetworkManager.swift */ = {isa = PBXFileReference; lastKnownFileType = sourcecode.swift; path = NetworkManager.swift; sourceTree = "<group>"; };
		58E4B92128C296920097F771 /* PhotoData.swift */ = {isa = PBXFileReference; lastKnownFileType = sourcecode.swift; path = PhotoData.swift; sourceTree = "<group>"; };
		58EE51062965C7190060FACC /* MainTabBarAssemble.swift */ = {isa = PBXFileReference; lastKnownFileType = sourcecode.swift; path = MainTabBarAssemble.swift; sourceTree = "<group>"; };
		58EE510C2965CA980060FACC /* CollectionPhotosAssemble.swift */ = {isa = PBXFileReference; lastKnownFileType = sourcecode.swift; path = CollectionPhotosAssemble.swift; sourceTree = "<group>"; };
		58EE510E2965CBA60060FACC /* CollectionPhotosViewInput.swift */ = {isa = PBXFileReference; lastKnownFileType = sourcecode.swift; path = CollectionPhotosViewInput.swift; sourceTree = "<group>"; };
		58EE51102965CC170060FACC /* CollectionPhotosPresenterProtocol.swift */ = {isa = PBXFileReference; lastKnownFileType = sourcecode.swift; path = CollectionPhotosPresenterProtocol.swift; sourceTree = "<group>"; };
		58EE51122965CC330060FACC /* CollectionPhotosPresenter.swift */ = {isa = PBXFileReference; lastKnownFileType = sourcecode.swift; path = CollectionPhotosPresenter.swift; sourceTree = "<group>"; };
		58EE51192965DEDB0060FACC /* LikePhotosAssemble.swift */ = {isa = PBXFileReference; lastKnownFileType = sourcecode.swift; path = LikePhotosAssemble.swift; sourceTree = "<group>"; };
		58EE511B2965DF2F0060FACC /* LikePhotosPresenterProtocol.swift */ = {isa = PBXFileReference; lastKnownFileType = sourcecode.swift; path = LikePhotosPresenterProtocol.swift; sourceTree = "<group>"; };
		58EE511D2965DF490060FACC /* LikePhotosPresenter.swift */ = {isa = PBXFileReference; lastKnownFileType = sourcecode.swift; path = LikePhotosPresenter.swift; sourceTree = "<group>"; };
		58EE511F2965DF6C0060FACC /* LikePhotosViewInput.swift */ = {isa = PBXFileReference; lastKnownFileType = sourcecode.swift; path = LikePhotosViewInput.swift; sourceTree = "<group>"; };
		58EE51252965E6AC0060FACC /* DescriptionPhotoAssemble.swift */ = {isa = PBXFileReference; lastKnownFileType = sourcecode.swift; path = DescriptionPhotoAssemble.swift; sourceTree = "<group>"; };
		58EE51272965E7390060FACC /* DescriptionPhotoViewInput.swift */ = {isa = PBXFileReference; lastKnownFileType = sourcecode.swift; path = DescriptionPhotoViewInput.swift; sourceTree = "<group>"; };
		58EE51292965E75A0060FACC /* DescriptionPhotoPresenterProtocol.swift */ = {isa = PBXFileReference; lastKnownFileType = sourcecode.swift; path = DescriptionPhotoPresenterProtocol.swift; sourceTree = "<group>"; };
		58EE512B2965E7670060FACC /* DescriptionPhotoPresenter.swift */ = {isa = PBXFileReference; lastKnownFileType = sourcecode.swift; path = DescriptionPhotoPresenter.swift; sourceTree = "<group>"; };
		58EE512D29660E740060FACC /* PhotoStorage.swift */ = {isa = PBXFileReference; lastKnownFileType = sourcecode.swift; path = PhotoStorage.swift; sourceTree = "<group>"; };
		C5EC727DC74B21C411E1A662 /* Pods-WhiteAndFluffyTest.debug.xcconfig */ = {isa = PBXFileReference; includeInIndex = 1; lastKnownFileType = text.xcconfig; name = "Pods-WhiteAndFluffyTest.debug.xcconfig"; path = "Target Support Files/Pods-WhiteAndFluffyTest/Pods-WhiteAndFluffyTest.debug.xcconfig"; sourceTree = "<group>"; };
/* End PBXFileReference section */

/* Begin PBXFrameworksBuildPhase section */
		58E4B8FA28C27FEF0097F771 /* Frameworks */ = {
			isa = PBXFrameworksBuildPhase;
			buildActionMask = 2147483647;
			files = (
				545844E63E4485F38C053DCF /* libPods-WhiteAndFluffyTest.a in Frameworks */,
			);
			runOnlyForDeploymentPostprocessing = 0;
		};
/* End PBXFrameworksBuildPhase section */

/* Begin PBXGroup section */
		584DAD7028C4052200ADBA2C /* Cells */ = {
			isa = PBXGroup;
			children = (
				584DAD7128C407DB00ADBA2C /* LikePhotoTableViewCell.swift */,
			);
			path = Cells;
			sourceTree = "<group>";
		};
		58E4B8F428C27FEF0097F771 = {
			isa = PBXGroup;
			children = (
				58E4B8FF28C27FEF0097F771 /* WhiteAndFluffyTest */,
				58E4B8FE28C27FEF0097F771 /* Products */,
				A47C174EF2C0B79C05AB2234 /* Pods */,
				69C6E0A89661263FB9AC2D3A /* Frameworks */,
			);
			sourceTree = "<group>";
		};
		58E4B8FE28C27FEF0097F771 /* Products */ = {
			isa = PBXGroup;
			children = (
				58E4B8FD28C27FEF0097F771 /* WhiteAndFluffyTest.app */,
			);
			name = Products;
			sourceTree = "<group>";
		};
		58E4B8FF28C27FEF0097F771 /* WhiteAndFluffyTest */ = {
			isa = PBXGroup;
			children = (
				58EE5101296520A50060FACC /* Application */,
				58EE51002965203B0060FACC /* Services */,
				58E4B91C28C294E20097F771 /* Support Files */,
				58E4B91D28C294F00097F771 /* Model */,
				58EE51022965C6DF0060FACC /* Modules */,
				58E4B90928C27FF10097F771 /* Assets.xcassets */,
				58E4B90B28C27FF10097F771 /* LaunchScreen.storyboard */,
				58E4B90E28C27FF10097F771 /* Info.plist */,
			);
			path = WhiteAndFluffyTest;
			sourceTree = "<group>";
		};
		58E4B91C28C294E20097F771 /* Support Files */ = {
			isa = PBXGroup;
			children = (
				58E4B91A28C294210097F771 /* Constant.swift */,
				584DAD6C28C3EC7700ADBA2C /* Extensions.swift */,
			);
			path = "Support Files";
			sourceTree = "<group>";
		};
		58E4B91D28C294F00097F771 /* Model */ = {
			isa = PBXGroup;
			children = (
				58E4B91828C293A80097F771 /* Photo.swift */,
				58E4B92128C296920097F771 /* PhotoData.swift */,
			);
			path = Model;
			sourceTree = "<group>";
		};
		58E4B91E28C295880097F771 /* Manager */ = {
			isa = PBXGroup;
			children = (
				58E4B91F28C295920097F771 /* NetworkManager.swift */,
				58EE512D29660E740060FACC /* PhotoStorage.swift */,
			);
			path = Manager;
			sourceTree = "<group>";
		};
		58EE51002965203B0060FACC /* Services */ = {
			isa = PBXGroup;
			children = (
				58E4B91E28C295880097F771 /* Manager */,
			);
			path = Services;
			sourceTree = "<group>";
		};
		58EE5101296520A50060FACC /* Application */ = {
			isa = PBXGroup;
			children = (
				58E4B90028C27FEF0097F771 /* AppDelegate.swift */,
				58E4B90228C27FEF0097F771 /* SceneDelegate.swift */,
			);
			path = Application;
			sourceTree = "<group>";
		};
		58EE51022965C6DF0060FACC /* Modules */ = {
			isa = PBXGroup;
			children = (
				58EE51212965E66C0060FACC /* DescriptionPhotoModule */,
				58EE51152965DE940060FACC /* LikePhotosModule */,
				58EE51082965CA4C0060FACC /* CollectionPhotosModule */,
				58EE51032965C6EA0060FACC /* MainTabBarModule */,
			);
			path = Modules;
			sourceTree = "<group>";
		};
		58EE51032965C6EA0060FACC /* MainTabBarModule */ = {
			isa = PBXGroup;
			children = (
				58EE51052965C7000060FACC /* Assemble */,
				58EE51042965C6FB0060FACC /* View */,
			);
			path = MainTabBarModule;
			sourceTree = "<group>";
		};
		58EE51042965C6FB0060FACC /* View */ = {
			isa = PBXGroup;
			children = (
				58E4B91428C28E0A0097F771 /* MainTabBarController.swift */,
			);
			path = View;
			sourceTree = "<group>";
		};
		58EE51052965C7000060FACC /* Assemble */ = {
			isa = PBXGroup;
			children = (
				58EE51062965C7190060FACC /* MainTabBarAssemble.swift */,
			);
			path = Assemble;
			sourceTree = "<group>";
		};
		58EE51082965CA4C0060FACC /* CollectionPhotosModule */ = {
			isa = PBXGroup;
			children = (
				58EE51092965CA670060FACC /* Assemble */,
				58EE510B2965CA730060FACC /* Presenter */,
				58EE510A2965CA6E0060FACC /* View */,
			);
			path = CollectionPhotosModule;
			sourceTree = "<group>";
		};
		58EE51092965CA670060FACC /* Assemble */ = {
			isa = PBXGroup;
			children = (
				58EE510C2965CA980060FACC /* CollectionPhotosAssemble.swift */,
			);
			path = Assemble;
			sourceTree = "<group>";
		};
		58EE510A2965CA6E0060FACC /* View */ = {
			isa = PBXGroup;
			children = (
				58EE51142965D18C0060FACC /* Cell */,
				584DAD6A28C3C97B00ADBA2C /* CollectionPhotosViewController.swift */,
				58EE510E2965CBA60060FACC /* CollectionPhotosViewInput.swift */,
			);
			path = View;
			sourceTree = "<group>";
		};
		58EE510B2965CA730060FACC /* Presenter */ = {
			isa = PBXGroup;
			children = (
				58EE51102965CC170060FACC /* CollectionPhotosPresenterProtocol.swift */,
				58EE51122965CC330060FACC /* CollectionPhotosPresenter.swift */,
			);
			path = Presenter;
			sourceTree = "<group>";
		};
		58EE51142965D18C0060FACC /* Cell */ = {
			isa = PBXGroup;
			children = (
				5866B76928C3C1F90019DDA4 /* CollectionPhotoViewCell.swift */,
			);
			path = Cell;
			sourceTree = "<group>";
		};
		58EE51152965DE940060FACC /* LikePhotosModule */ = {
			isa = PBXGroup;
			children = (
				58EE51162965DEB00060FACC /* Assemble */,
				58EE51182965DEBD0060FACC /* Presenter */,
				58EE51172965DEB80060FACC /* View */,
			);
			path = LikePhotosModule;
			sourceTree = "<group>";
		};
		58EE51162965DEB00060FACC /* Assemble */ = {
			isa = PBXGroup;
			children = (
				58EE51192965DEDB0060FACC /* LikePhotosAssemble.swift */,
			);
			path = Assemble;
			sourceTree = "<group>";
		};
		58EE51172965DEB80060FACC /* View */ = {
			isa = PBXGroup;
			children = (
				584DAD7028C4052200ADBA2C /* Cells */,
				58EE511F2965DF6C0060FACC /* LikePhotosViewInput.swift */,
				58E4B91628C28F650097F771 /* LikePhotoViewController.swift */,
			);
			path = View;
			sourceTree = "<group>";
		};
		58EE51182965DEBD0060FACC /* Presenter */ = {
			isa = PBXGroup;
			children = (
				58EE511B2965DF2F0060FACC /* LikePhotosPresenterProtocol.swift */,
				58EE511D2965DF490060FACC /* LikePhotosPresenter.swift */,
			);
			path = Presenter;
			sourceTree = "<group>";
		};
		58EE51212965E66C0060FACC /* DescriptionPhotoModule */ = {
			isa = PBXGroup;
			children = (
				58EE51222965E6880060FACC /* Assemble */,
				58EE51242965E6940060FACC /* Presenter */,
				58EE51232965E68E0060FACC /* View */,
			);
			path = DescriptionPhotoModule;
			sourceTree = "<group>";
		};
		58EE51222965E6880060FACC /* Assemble */ = {
			isa = PBXGroup;
			children = (
				58EE51252965E6AC0060FACC /* DescriptionPhotoAssemble.swift */,
			);
			path = Assemble;
			sourceTree = "<group>";
		};
		58EE51232965E68E0060FACC /* View */ = {
			isa = PBXGroup;
			children = (
				584DAD6E28C3EEF200ADBA2C /* DescriptionPhotoViewController.swift */,
				58EE51272965E7390060FACC /* DescriptionPhotoViewInput.swift */,
			);
			path = View;
			sourceTree = "<group>";
		};
		58EE51242965E6940060FACC /* Presenter */ = {
			isa = PBXGroup;
			children = (
				58EE51292965E75A0060FACC /* DescriptionPhotoPresenterProtocol.swift */,
				58EE512B2965E7670060FACC /* DescriptionPhotoPresenter.swift */,
			);
			path = Presenter;
			sourceTree = "<group>";
		};
		69C6E0A89661263FB9AC2D3A /* Frameworks */ = {
			isa = PBXGroup;
			children = (
				282ED15F0AD737A7B1B0413A /* libPods-WhiteAndFluffyTest.a */,
			);
			name = Frameworks;
			sourceTree = "<group>";
		};
		A47C174EF2C0B79C05AB2234 /* Pods */ = {
			isa = PBXGroup;
			children = (
				C5EC727DC74B21C411E1A662 /* Pods-WhiteAndFluffyTest.debug.xcconfig */,
				4DB291AC0B5114BF1EE5B099 /* Pods-WhiteAndFluffyTest.release.xcconfig */,
			);
			path = Pods;
			sourceTree = "<group>";
		};
/* End PBXGroup section */

/* Begin PBXNativeTarget section */
		58E4B8FC28C27FEF0097F771 /* WhiteAndFluffyTest */ = {
			isa = PBXNativeTarget;
			buildConfigurationList = 58E4B91128C27FF10097F771 /* Build configuration list for PBXNativeTarget "WhiteAndFluffyTest" */;
			buildPhases = (
				58CD290F2965183B004D4EF4 /* ShellScript */,
				794E7663D33D875E6CBB9D74 /* [CP] Check Pods Manifest.lock */,
				58E4B8F928C27FEF0097F771 /* Sources */,
				58E4B8FA28C27FEF0097F771 /* Frameworks */,
				58E4B8FB28C27FEF0097F771 /* Resources */,
			);
			buildRules = (
			);
			dependencies = (
			);
			name = WhiteAndFluffyTest;
			productName = WhiteAndFluffyTest;
			productReference = 58E4B8FD28C27FEF0097F771 /* WhiteAndFluffyTest.app */;
			productType = "com.apple.product-type.application";
		};
/* End PBXNativeTarget section */

/* Begin PBXProject section */
		58E4B8F528C27FEF0097F771 /* Project object */ = {
			isa = PBXProject;
			attributes = {
				BuildIndependentTargetsInParallel = 1;
				LastSwiftUpdateCheck = 1340;
				LastUpgradeCheck = 1340;
				TargetAttributes = {
					58E4B8FC28C27FEF0097F771 = {
						CreatedOnToolsVersion = 13.4.1;
					};
				};
			};
			buildConfigurationList = 58E4B8F828C27FEF0097F771 /* Build configuration list for PBXProject "WhiteAndFluffyTest" */;
			compatibilityVersion = "Xcode 13.0";
			developmentRegion = en;
			hasScannedForEncodings = 0;
			knownRegions = (
				en,
				Base,
			);
			mainGroup = 58E4B8F428C27FEF0097F771;
			productRefGroup = 58E4B8FE28C27FEF0097F771 /* Products */;
			projectDirPath = "";
			projectRoot = "";
			targets = (
				58E4B8FC28C27FEF0097F771 /* WhiteAndFluffyTest */,
			);
		};
/* End PBXProject section */

/* Begin PBXResourcesBuildPhase section */
		58E4B8FB28C27FEF0097F771 /* Resources */ = {
			isa = PBXResourcesBuildPhase;
			buildActionMask = 2147483647;
			files = (
				58E4B90D28C27FF10097F771 /* LaunchScreen.storyboard in Resources */,
				58E4B90A28C27FF10097F771 /* Assets.xcassets in Resources */,
			);
			runOnlyForDeploymentPostprocessing = 0;
		};
/* End PBXResourcesBuildPhase section */

/* Begin PBXShellScriptBuildPhase section */
		58CD290F2965183B004D4EF4 /* ShellScript */ = {
			isa = PBXShellScriptBuildPhase;
			buildActionMask = 2147483647;
			files = (
			);
			inputFileListPaths = (
			);
			inputPaths = (
			);
			outputFileListPaths = (
			);
			outputPaths = (
			);
			runOnlyForDeploymentPostprocessing = 0;
			shellPath = /bin/sh;
			shellScript = "export PATH=\"$PATH:\"\nexport PATH+=~/\nexport PATH+=\"portable_swiftlint\"\nif which swiftlint > /dev/null; then\n  swiftlint\nelse\n  echo \"warning: SwiftLint not installed, download from https://github.com/realm/SwiftLint\"\nfi\n";
		};
		794E7663D33D875E6CBB9D74 /* [CP] Check Pods Manifest.lock */ = {
			isa = PBXShellScriptBuildPhase;
			buildActionMask = 2147483647;
			files = (
			);
			inputFileListPaths = (
			);
			inputPaths = (
				"${PODS_PODFILE_DIR_PATH}/Podfile.lock",
				"${PODS_ROOT}/Manifest.lock",
			);
			name = "[CP] Check Pods Manifest.lock";
			outputFileListPaths = (
			);
			outputPaths = (
				"$(DERIVED_FILE_DIR)/Pods-WhiteAndFluffyTest-checkManifestLockResult.txt",
			);
			runOnlyForDeploymentPostprocessing = 0;
			shellPath = /bin/sh;
			shellScript = "diff \"${PODS_PODFILE_DIR_PATH}/Podfile.lock\" \"${PODS_ROOT}/Manifest.lock\" > /dev/null\nif [ $? != 0 ] ; then\n    # print error to STDERR\n    echo \"error: The sandbox is not in sync with the Podfile.lock. Run 'pod install' or update your CocoaPods installation.\" >&2\n    exit 1\nfi\n# This output is used by Xcode 'outputs' to avoid re-running this script phase.\necho \"SUCCESS\" > \"${SCRIPT_OUTPUT_FILE_0}\"\n";
			showEnvVarsInLog = 0;
		};
/* End PBXShellScriptBuildPhase section */

/* Begin PBXSourcesBuildPhase section */
		58E4B8F928C27FEF0097F771 /* Sources */ = {
			isa = PBXSourcesBuildPhase;
			buildActionMask = 2147483647;
			files = (
				58EE511E2965DF490060FACC /* LikePhotosPresenter.swift in Sources */,
				58EE51132965CC330060FACC /* CollectionPhotosPresenter.swift in Sources */,
				58EE511A2965DEDB0060FACC /* LikePhotosAssemble.swift in Sources */,
				58EE51262965E6AC0060FACC /* DescriptionPhotoAssemble.swift in Sources */,
				58E4B91B28C294210097F771 /* Constant.swift in Sources */,
				5866B76A28C3C1F90019DDA4 /* CollectionPhotoViewCell.swift in Sources */,
				58E4B91928C293A80097F771 /* Photo.swift in Sources */,
				58EE51202965DF6C0060FACC /* LikePhotosViewInput.swift in Sources */,
				58EE512C2965E7670060FACC /* DescriptionPhotoPresenter.swift in Sources */,
				58EE512E29660E750060FACC /* PhotoStorage.swift in Sources */,
				58E4B92228C296920097F771 /* PhotoData.swift in Sources */,
				584DAD6F28C3EEF200ADBA2C /* DescriptionPhotoViewController.swift in Sources */,
				58E4B91728C28F650097F771 /* LikePhotoViewController.swift in Sources */,
				58E4B92028C295920097F771 /* NetworkManager.swift in Sources */,
				58E4B90128C27FEF0097F771 /* AppDelegate.swift in Sources */,
				584DAD6B28C3C97B00ADBA2C /* CollectionPhotosViewController.swift in Sources */,
				58E4B90328C27FEF0097F771 /* SceneDelegate.swift in Sources */,
				58EE511C2965DF2F0060FACC /* LikePhotosPresenterProtocol.swift in Sources */,
				58EE51112965CC170060FACC /* CollectionPhotosPresenterProtocol.swift in Sources */,
				58EE512A2965E75A0060FACC /* DescriptionPhotoPresenterProtocol.swift in Sources */,
				58EE51282965E7390060FACC /* DescriptionPhotoViewInput.swift in Sources */,
				58EE51072965C7190060FACC /* MainTabBarAssemble.swift in Sources */,
				58EE510F2965CBA60060FACC /* CollectionPhotosViewInput.swift in Sources */,
				584DAD6D28C3EC7700ADBA2C /* Extensions.swift in Sources */,
				58E4B91528C28E0A0097F771 /* MainTabBarController.swift in Sources */,
				58EE510D2965CA980060FACC /* CollectionPhotosAssemble.swift in Sources */,
				584DAD7228C407DB00ADBA2C /* LikePhotoTableViewCell.swift in Sources */,
			);
			runOnlyForDeploymentPostprocessing = 0;
		};
/* End PBXSourcesBuildPhase section */

/* Begin PBXVariantGroup section */
		58E4B90B28C27FF10097F771 /* LaunchScreen.storyboard */ = {
			isa = PBXVariantGroup;
			children = (
				58E4B90C28C27FF10097F771 /* Base */,
			);
			name = LaunchScreen.storyboard;
			sourceTree = "<group>";
		};
/* End PBXVariantGroup section */

/* Begin XCBuildConfiguration section */
		58E4B90F28C27FF10097F771 /* Debug */ = {
			isa = XCBuildConfiguration;
			buildSettings = {
				ALWAYS_SEARCH_USER_PATHS = NO;
				CLANG_ANALYZER_NONNULL = YES;
				CLANG_ANALYZER_NUMBER_OBJECT_CONVERSION = YES_AGGRESSIVE;
				CLANG_CXX_LANGUAGE_STANDARD = "gnu++17";
				CLANG_ENABLE_MODULES = YES;
				CLANG_ENABLE_OBJC_ARC = YES;
				CLANG_ENABLE_OBJC_WEAK = YES;
				CLANG_WARN_BLOCK_CAPTURE_AUTORELEASING = YES;
				CLANG_WARN_BOOL_CONVERSION = YES;
				CLANG_WARN_COMMA = YES;
				CLANG_WARN_CONSTANT_CONVERSION = YES;
				CLANG_WARN_DEPRECATED_OBJC_IMPLEMENTATIONS = YES;
				CLANG_WARN_DIRECT_OBJC_ISA_USAGE = YES_ERROR;
				CLANG_WARN_DOCUMENTATION_COMMENTS = YES;
				CLANG_WARN_EMPTY_BODY = YES;
				CLANG_WARN_ENUM_CONVERSION = YES;
				CLANG_WARN_INFINITE_RECURSION = YES;
				CLANG_WARN_INT_CONVERSION = YES;
				CLANG_WARN_NON_LITERAL_NULL_CONVERSION = YES;
				CLANG_WARN_OBJC_IMPLICIT_RETAIN_SELF = YES;
				CLANG_WARN_OBJC_LITERAL_CONVERSION = YES;
				CLANG_WARN_OBJC_ROOT_CLASS = YES_ERROR;
				CLANG_WARN_QUOTED_INCLUDE_IN_FRAMEWORK_HEADER = YES;
				CLANG_WARN_RANGE_LOOP_ANALYSIS = YES;
				CLANG_WARN_STRICT_PROTOTYPES = YES;
				CLANG_WARN_SUSPICIOUS_MOVE = YES;
				CLANG_WARN_UNGUARDED_AVAILABILITY = YES_AGGRESSIVE;
				CLANG_WARN_UNREACHABLE_CODE = YES;
				CLANG_WARN__DUPLICATE_METHOD_MATCH = YES;
				COPY_PHASE_STRIP = NO;
				DEBUG_INFORMATION_FORMAT = dwarf;
				ENABLE_STRICT_OBJC_MSGSEND = YES;
				ENABLE_TESTABILITY = YES;
				GCC_C_LANGUAGE_STANDARD = gnu11;
				GCC_DYNAMIC_NO_PIC = NO;
				GCC_NO_COMMON_BLOCKS = YES;
				GCC_OPTIMIZATION_LEVEL = 0;
				GCC_PREPROCESSOR_DEFINITIONS = (
					"DEBUG=1",
					"$(inherited)",
				);
				GCC_WARN_64_TO_32_BIT_CONVERSION = YES;
				GCC_WARN_ABOUT_RETURN_TYPE = YES_ERROR;
				GCC_WARN_UNDECLARED_SELECTOR = YES;
				GCC_WARN_UNINITIALIZED_AUTOS = YES_AGGRESSIVE;
				GCC_WARN_UNUSED_FUNCTION = YES;
				GCC_WARN_UNUSED_VARIABLE = YES;
				IPHONEOS_DEPLOYMENT_TARGET = 15.5;
				MTL_ENABLE_DEBUG_INFO = INCLUDE_SOURCE;
				MTL_FAST_MATH = YES;
				ONLY_ACTIVE_ARCH = YES;
				SDKROOT = iphoneos;
				SWIFT_ACTIVE_COMPILATION_CONDITIONS = DEBUG;
				SWIFT_OPTIMIZATION_LEVEL = "-Onone";
			};
			name = Debug;
		};
		58E4B91028C27FF10097F771 /* Release */ = {
			isa = XCBuildConfiguration;
			buildSettings = {
				ALWAYS_SEARCH_USER_PATHS = NO;
				CLANG_ANALYZER_NONNULL = YES;
				CLANG_ANALYZER_NUMBER_OBJECT_CONVERSION = YES_AGGRESSIVE;
				CLANG_CXX_LANGUAGE_STANDARD = "gnu++17";
				CLANG_ENABLE_MODULES = YES;
				CLANG_ENABLE_OBJC_ARC = YES;
				CLANG_ENABLE_OBJC_WEAK = YES;
				CLANG_WARN_BLOCK_CAPTURE_AUTORELEASING = YES;
				CLANG_WARN_BOOL_CONVERSION = YES;
				CLANG_WARN_COMMA = YES;
				CLANG_WARN_CONSTANT_CONVERSION = YES;
				CLANG_WARN_DEPRECATED_OBJC_IMPLEMENTATIONS = YES;
				CLANG_WARN_DIRECT_OBJC_ISA_USAGE = YES_ERROR;
				CLANG_WARN_DOCUMENTATION_COMMENTS = YES;
				CLANG_WARN_EMPTY_BODY = YES;
				CLANG_WARN_ENUM_CONVERSION = YES;
				CLANG_WARN_INFINITE_RECURSION = YES;
				CLANG_WARN_INT_CONVERSION = YES;
				CLANG_WARN_NON_LITERAL_NULL_CONVERSION = YES;
				CLANG_WARN_OBJC_IMPLICIT_RETAIN_SELF = YES;
				CLANG_WARN_OBJC_LITERAL_CONVERSION = YES;
				CLANG_WARN_OBJC_ROOT_CLASS = YES_ERROR;
				CLANG_WARN_QUOTED_INCLUDE_IN_FRAMEWORK_HEADER = YES;
				CLANG_WARN_RANGE_LOOP_ANALYSIS = YES;
				CLANG_WARN_STRICT_PROTOTYPES = YES;
				CLANG_WARN_SUSPICIOUS_MOVE = YES;
				CLANG_WARN_UNGUARDED_AVAILABILITY = YES_AGGRESSIVE;
				CLANG_WARN_UNREACHABLE_CODE = YES;
				CLANG_WARN__DUPLICATE_METHOD_MATCH = YES;
				COPY_PHASE_STRIP = NO;
				DEBUG_INFORMATION_FORMAT = "dwarf-with-dsym";
				ENABLE_NS_ASSERTIONS = NO;
				ENABLE_STRICT_OBJC_MSGSEND = YES;
				GCC_C_LANGUAGE_STANDARD = gnu11;
				GCC_NO_COMMON_BLOCKS = YES;
				GCC_WARN_64_TO_32_BIT_CONVERSION = YES;
				GCC_WARN_ABOUT_RETURN_TYPE = YES_ERROR;
				GCC_WARN_UNDECLARED_SELECTOR = YES;
				GCC_WARN_UNINITIALIZED_AUTOS = YES_AGGRESSIVE;
				GCC_WARN_UNUSED_FUNCTION = YES;
				GCC_WARN_UNUSED_VARIABLE = YES;
				IPHONEOS_DEPLOYMENT_TARGET = 15.5;
				MTL_ENABLE_DEBUG_INFO = NO;
				MTL_FAST_MATH = YES;
				SDKROOT = iphoneos;
				SWIFT_COMPILATION_MODE = wholemodule;
				SWIFT_OPTIMIZATION_LEVEL = "-O";
				VALIDATE_PRODUCT = YES;
			};
			name = Release;
		};
		58E4B91228C27FF10097F771 /* Debug */ = {
			isa = XCBuildConfiguration;
			baseConfigurationReference = C5EC727DC74B21C411E1A662 /* Pods-WhiteAndFluffyTest.debug.xcconfig */;
			buildSettings = {
				ASSETCATALOG_COMPILER_APPICON_NAME = AppIcon;
				ASSETCATALOG_COMPILER_GLOBAL_ACCENT_COLOR_NAME = AccentColor;
				CODE_SIGN_STYLE = Automatic;
				CURRENT_PROJECT_VERSION = 1;
				DEVELOPMENT_TEAM = 9795PC2KY3;
				GENERATE_INFOPLIST_FILE = YES;
				INFOPLIST_FILE = WhiteAndFluffyTest/Info.plist;
				INFOPLIST_KEY_UIApplicationSupportsIndirectInputEvents = YES;
				INFOPLIST_KEY_UILaunchStoryboardName = LaunchScreen;
				INFOPLIST_KEY_UISupportedInterfaceOrientations_iPad = "UIInterfaceOrientationPortrait UIInterfaceOrientationPortraitUpsideDown UIInterfaceOrientationLandscapeLeft UIInterfaceOrientationLandscapeRight";
				INFOPLIST_KEY_UISupportedInterfaceOrientations_iPhone = "UIInterfaceOrientationPortrait UIInterfaceOrientationLandscapeLeft UIInterfaceOrientationLandscapeRight";
				LD_RUNPATH_SEARCH_PATHS = (
					"$(inherited)",
					"@executable_path/Frameworks",
				);
				MARKETING_VERSION = 1.0;
				PRODUCT_BUNDLE_IDENTIFIER = aGRos.WhiteAndFluffyTest;
				PRODUCT_NAME = "$(TARGET_NAME)";
				SWIFT_EMIT_LOC_STRINGS = YES;
				SWIFT_VERSION = 5.0;
				TARGETED_DEVICE_FAMILY = "1,2";
			};
			name = Debug;
		};
		58E4B91328C27FF10097F771 /* Release */ = {
			isa = XCBuildConfiguration;
			baseConfigurationReference = 4DB291AC0B5114BF1EE5B099 /* Pods-WhiteAndFluffyTest.release.xcconfig */;
			buildSettings = {
				ASSETCATALOG_COMPILER_APPICON_NAME = AppIcon;
				ASSETCATALOG_COMPILER_GLOBAL_ACCENT_COLOR_NAME = AccentColor;
				CODE_SIGN_STYLE = Automatic;
				CURRENT_PROJECT_VERSION = 1;
				DEVELOPMENT_TEAM = 9795PC2KY3;
				GENERATE_INFOPLIST_FILE = YES;
				INFOPLIST_FILE = WhiteAndFluffyTest/Info.plist;
				INFOPLIST_KEY_UIApplicationSupportsIndirectInputEvents = YES;
				INFOPLIST_KEY_UILaunchStoryboardName = LaunchScreen;
				INFOPLIST_KEY_UISupportedInterfaceOrientations_iPad = "UIInterfaceOrientationPortrait UIInterfaceOrientationPortraitUpsideDown UIInterfaceOrientationLandscapeLeft UIInterfaceOrientationLandscapeRight";
				INFOPLIST_KEY_UISupportedInterfaceOrientations_iPhone = "UIInterfaceOrientationPortrait UIInterfaceOrientationLandscapeLeft UIInterfaceOrientationLandscapeRight";
				LD_RUNPATH_SEARCH_PATHS = (
					"$(inherited)",
					"@executable_path/Frameworks",
				);
				MARKETING_VERSION = 1.0;
				PRODUCT_BUNDLE_IDENTIFIER = aGRos.WhiteAndFluffyTest;
				PRODUCT_NAME = "$(TARGET_NAME)";
				SWIFT_EMIT_LOC_STRINGS = YES;
				SWIFT_VERSION = 5.0;
				TARGETED_DEVICE_FAMILY = "1,2";
			};
			name = Release;
		};
/* End XCBuildConfiguration section */

/* Begin XCConfigurationList section */
		58E4B8F828C27FEF0097F771 /* Build configuration list for PBXProject "WhiteAndFluffyTest" */ = {
			isa = XCConfigurationList;
			buildConfigurations = (
				58E4B90F28C27FF10097F771 /* Debug */,
				58E4B91028C27FF10097F771 /* Release */,
			);
			defaultConfigurationIsVisible = 0;
			defaultConfigurationName = Release;
		};
		58E4B91128C27FF10097F771 /* Build configuration list for PBXNativeTarget "WhiteAndFluffyTest" */ = {
			isa = XCConfigurationList;
			buildConfigurations = (
				58E4B91228C27FF10097F771 /* Debug */,
				58E4B91328C27FF10097F771 /* Release */,
			);
			defaultConfigurationIsVisible = 0;
			defaultConfigurationName = Release;
		};
/* End XCConfigurationList section */
	};
	rootObject = 58E4B8F528C27FEF0097F771 /* Project object */;
}
