// !$*UTF8*$!
{
	archiveVersion = 1;
	classes = {
	};
	objectVersion = 55;
	objects = {

/* Begin PBXBuildFile section */
		584DAD6B28C3C97B00ADBA2C /* CollectionPhotosViewController.swift in Sources */ = {isa = PBXBuildFile; fileRef = 584DAD6A28C3C97B00ADBA2C /* CollectionPhotosViewController.swift */; };
		584DAD6D28C3EC7700ADBA2C /* Extensions.swift in Sources */ = {isa = PBXBuildFile; fileRef = 584DAD6C28C3EC7700ADBA2C /* Extensions.swift */; };
		584DAD6F28C3EEF200ADBA2C /* DescriptionPhotoViewController.swift in Sources */ = {isa = PBXBuildFile; fileRef = 584DAD6E28C3EEF200ADBA2C /* DescriptionPhotoViewController.swift */; };
		584DAD7228C407DB00ADBA2C /* LikePhotoTableViewCell.swift in Sources */ = {isa = PBXBuildFile; fileRef = 584DAD7128C407DB00ADBA2C /* LikePhotoTableViewCell.swift */; };
		5866B76A28C3C1F90019DDA4 /* CollectionPhotoViewCell.swift in Sources */ = {isa = PBXBuildFile; fileRef = 5866B76928C3C1F90019DDA4 /* CollectionPhotoViewCell.swift */; };
		58E4B90128C27FEF0097F771 /* AppDelegate.swift in Sources */ = {isa = PBXBuildFile; fileRef = 58E4B90028C27FEF0097F771 /* AppDelegate.swift */; };
		58E4B90328C27FEF0097F771 /* SceneDelegate.swift in Sources */ = {isa = PBXBuildFile; fileRef = 58E4B90228C27FEF0097F771 /* SceneDelegate.swift */; };
		58E4B90A28C27FF10097F771 /* Assets.xcassets in Resources */ = {isa = PBXBuildFile; fileRef = 58E4B90928C27FF10097F771 /* Assets.xcassets */; };
		58E4B90D28C27FF10097F771 /* LaunchScreen.storyboard in Resources */ = {isa = PBXBuildFile; fileRef = 58E4B90B28C27FF10097F771 /* LaunchScreen.storyboard */; };
		58E4B91528C28E0A0097F771 /* MainTabBarController.swift in Sources */ = {isa = PBXBuildFile; fileRef = 58E4B91428C28E0A0097F771 /* MainTabBarController.swift */; };
		58E4B91728C28F650097F771 /* LikePhotoViewController.swift in Sources */ = {isa = PBXBuildFile; fileRef = 58E4B91628C28F650097F771 /* LikePhotoViewController.swift */; };
		58E4B91928C293A80097F771 /* Photo.swift in Sources */ = {isa = PBXBuildFile; fileRef = 58E4B91828C293A80097F771 /* Photo.swift */; };
		58E4B91B28C294210097F771 /* Constant.swift in Sources */ = {isa = PBXBuildFile; fileRef = 58E4B91A28C294210097F771 /* Constant.swift */; };
		58E4B92028C295920097F771 /* NetworkManager.swift in Sources */ = {isa = PBXBuildFile; fileRef = 58E4B91F28C295920097F771 /* NetworkManager.swift */; };
		58E4B92228C296920097F771 /* PhotoData.swift in Sources */ = {isa = PBXBuildFile; fileRef = 58E4B92128C296920097F771 /* PhotoData.swift */; };
		58FB530628CB444F009D52C9 /* PhotoStorage.swift in Sources */ = {isa = PBXBuildFile; fileRef = 58FB530528CB444F009D52C9 /* PhotoStorage.swift */; };
/* End PBXBuildFile section */

/* Begin PBXFileReference section */
		584DAD6A28C3C97B00ADBA2C /* CollectionPhotosViewController.swift */ = {isa = PBXFileReference; lastKnownFileType = sourcecode.swift; path = CollectionPhotosViewController.swift; sourceTree = "<group>"; };
		584DAD6C28C3EC7700ADBA2C /* Extensions.swift */ = {isa = PBXFileReference; lastKnownFileType = sourcecode.swift; path = Extensions.swift; sourceTree = "<group>"; };
		584DAD6E28C3EEF200ADBA2C /* DescriptionPhotoViewController.swift */ = {isa = PBXFileReference; lastKnownFileType = sourcecode.swift; path = DescriptionPhotoViewController.swift; sourceTree = "<group>"; };
		584DAD7128C407DB00ADBA2C /* LikePhotoTableViewCell.swift */ = {isa = PBXFileReference; lastKnownFileType = sourcecode.swift; path = LikePhotoTableViewCell.swift; sourceTree = "<group>"; };
		5866B76928C3C1F90019DDA4 /* CollectionPhotoViewCell.swift */ = {isa = PBXFileReference; lastKnownFileType = sourcecode.swift; path = CollectionPhotoViewCell.swift; sourceTree = "<group>"; };
		58E4B8FD28C27FEF0097F771 /* WhiteAndFluffyTest.app */ = {isa = PBXFileReference; explicitFileType = wrapper.application; includeInIndex = 0; path = WhiteAndFluffyTest.app; sourceTree = BUILT_PRODUCTS_DIR; };
		58E4B90028C27FEF0097F771 /* AppDelegate.swift */ = {isa = PBXFileReference; lastKnownFileType = sourcecode.swift; path = AppDelegate.swift; sourceTree = "<group>"; };
		58E4B90228C27FEF0097F771 /* SceneDelegate.swift */ = {isa = PBXFileReference; lastKnownFileType = sourcecode.swift; path = SceneDelegate.swift; sourceTree = "<group>"; };
		58E4B90928C27FF10097F771 /* Assets.xcassets */ = {isa = PBXFileReference; lastKnownFileType = folder.assetcatalog; path = Assets.xcassets; sourceTree = "<group>"; };
		58E4B90C28C27FF10097F771 /* Base */ = {isa = PBXFileReference; lastKnownFileType = file.storyboard; name = Base; path = Base.lproj/LaunchScreen.storyboard; sourceTree = "<group>"; };
		58E4B90E28C27FF10097F771 /* Info.plist */ = {isa = PBXFileReference; lastKnownFileType = text.plist.xml; path = Info.plist; sourceTree = "<group>"; };
		58E4B91428C28E0A0097F771 /* MainTabBarController.swift */ = {isa = PBXFileReference; lastKnownFileType = sourcecode.swift; path = MainTabBarController.swift; sourceTree = "<group>"; };
		58E4B91628C28F650097F771 /* LikePhotoViewController.swift */ = {isa = PBXFileReference; lastKnownFileType = sourcecode.swift; path = LikePhotoViewController.swift; sourceTree = "<group>"; };
		58E4B91828C293A80097F771 /* Photo.swift */ = {isa = PBXFileReference; lastKnownFileType = sourcecode.swift; path = Photo.swift; sourceTree = "<group>"; };
		58E4B91A28C294210097F771 /* Constant.swift */ = {isa = PBXFileReference; lastKnownFileType = sourcecode.swift; path = Constant.swift; sourceTree = "<group>"; };
		58E4B91F28C295920097F771 /* NetworkManager.swift */ = {isa = PBXFileReference; lastKnownFileType = sourcecode.swift; path = NetworkManager.swift; sourceTree = "<group>"; };
		58E4B92128C296920097F771 /* PhotoData.swift */ = {isa = PBXFileReference; lastKnownFileType = sourcecode.swift; path = PhotoData.swift; sourceTree = "<group>"; };
		58FB530528CB444F009D52C9 /* PhotoStorage.swift */ = {isa = PBXFileReference; lastKnownFileType = sourcecode.swift; path = PhotoStorage.swift; sourceTree = "<group>"; };
/* End PBXFileReference section */

/* Begin PBXFrameworksBuildPhase section */
		58E4B8FA28C27FEF0097F771 /* Frameworks */ = {
			isa = PBXFrameworksBuildPhase;
			buildActionMask = 2147483647;
			files = (
			);
			runOnlyForDeploymentPostprocessing = 0;
		};
/* End PBXFrameworksBuildPhase section */

/* Begin PBXGroup section */
		5824543C28CB69200074BA8E /* Controllers */ = {
			isa = PBXGroup;
			children = (
				58E4B91428C28E0A0097F771 /* MainTabBarController.swift */,
				584DAD6E28C3EEF200ADBA2C /* DescriptionPhotoViewController.swift */,
				584DAD6A28C3C97B00ADBA2C /* CollectionPhotosViewController.swift */,
				58E4B91628C28F650097F771 /* LikePhotoViewController.swift */,
			);
			path = Controllers;
			sourceTree = "<group>";
		};
		584DAD7028C4052200ADBA2C /* Cells */ = {
			isa = PBXGroup;
			children = (
				5866B76928C3C1F90019DDA4 /* CollectionPhotoViewCell.swift */,
				584DAD7128C407DB00ADBA2C /* LikePhotoTableViewCell.swift */,
			);
			path = Cells;
			sourceTree = "<group>";
		};
		58E0CD9128CC49A60070DDFE /* View */ = {
			isa = PBXGroup;
			children = (
				584DAD7028C4052200ADBA2C /* Cells */,
			);
			path = View;
			sourceTree = "<group>";
		};
		58E4B8F428C27FEF0097F771 = {
			isa = PBXGroup;
			children = (
				58E4B8FF28C27FEF0097F771 /* WhiteAndFluffyTest */,
				58E4B8FE28C27FEF0097F771 /* Products */,
			);
			sourceTree = "<group>";
		};
		58E4B8FE28C27FEF0097F771 /* Products */ = {
			isa = PBXGroup;
			children = (
				58E4B8FD28C27FEF0097F771 /* WhiteAndFluffyTest.app */,
			);
			name = Products;
			sourceTree = "<group>";
		};
		58E4B8FF28C27FEF0097F771 /* WhiteAndFluffyTest */ = {
			isa = PBXGroup;
			children = (
				58E4B90028C27FEF0097F771 /* AppDelegate.swift */,
				58E4B90228C27FEF0097F771 /* SceneDelegate.swift */,
				58E4B91C28C294E20097F771 /* Support Files */,
				58E4B91D28C294F00097F771 /* Model */,
				58E0CD9128CC49A60070DDFE /* View */,
				5824543C28CB69200074BA8E /* Controllers */,
				58E4B90928C27FF10097F771 /* Assets.xcassets */,
				58E4B90B28C27FF10097F771 /* LaunchScreen.storyboard */,
				58E4B90E28C27FF10097F771 /* Info.plist */,
			);
			path = WhiteAndFluffyTest;
			sourceTree = "<group>";
		};
		58E4B91C28C294E20097F771 /* Support Files */ = {
			isa = PBXGroup;
			children = (
				58E4B91A28C294210097F771 /* Constant.swift */,
				584DAD6C28C3EC7700ADBA2C /* Extensions.swift */,
			);
			path = "Support Files";
			sourceTree = "<group>";
		};
		58E4B91D28C294F00097F771 /* Model */ = {
			isa = PBXGroup;
			children = (
				58E4B91E28C295880097F771 /* Manager */,
				58E4B91828C293A80097F771 /* Photo.swift */,
				58E4B92128C296920097F771 /* PhotoData.swift */,
			);
			path = Model;
			sourceTree = "<group>";
		};
		58E4B91E28C295880097F771 /* Manager */ = {
			isa = PBXGroup;
			children = (
				58E4B91F28C295920097F771 /* NetworkManager.swift */,
				58FB530528CB444F009D52C9 /* PhotoStorage.swift */,
			);
			path = Manager;
			sourceTree = "<group>";
		};
/* End PBXGroup section */

/* Begin PBXNativeTarget section */
		58E4B8FC28C27FEF0097F771 /* WhiteAndFluffyTest */ = {
			isa = PBXNativeTarget;
			buildConfigurationList = 58E4B91128C27FF10097F771 /* Build configuration list for PBXNativeTarget "WhiteAndFluffyTest" */;
			buildPhases = (
				58E4B8F928C27FEF0097F771 /* Sources */,
				58E4B8FA28C27FEF0097F771 /* Frameworks */,
				58E4B8FB28C27FEF0097F771 /* Resources */,
			);
			buildRules = (
			);
			dependencies = (
			);
			name = WhiteAndFluffyTest;
			productName = WhiteAndFluffyTest;
			productReference = 58E4B8FD28C27FEF0097F771 /* WhiteAndFluffyTest.app */;
			productType = "com.apple.product-type.application";
		};
/* End PBXNativeTarget section */

/* Begin PBXProject section */
		58E4B8F528C27FEF0097F771 /* Project object */ = {
			isa = PBXProject;
			attributes = {
				BuildIndependentTargetsInParallel = 1;
				LastSwiftUpdateCheck = 1340;
				LastUpgradeCheck = 1340;
				TargetAttributes = {
					58E4B8FC28C27FEF0097F771 = {
						CreatedOnToolsVersion = 13.4.1;
					};
				};
			};
			buildConfigurationList = 58E4B8F828C27FEF0097F771 /* Build configuration list for PBXProject "WhiteAndFluffyTest" */;
			compatibilityVersion = "Xcode 13.0";
			developmentRegion = en;
			hasScannedForEncodings = 0;
			knownRegions = (
				en,
				Base,
			);
			mainGroup = 58E4B8F428C27FEF0097F771;
			productRefGroup = 58E4B8FE28C27FEF0097F771 /* Products */;
			projectDirPath = "";
			projectRoot = "";
			targets = (
				58E4B8FC28C27FEF0097F771 /* WhiteAndFluffyTest */,
			);
		};
/* End PBXProject section */

/* Begin PBXResourcesBuildPhase section */
		58E4B8FB28C27FEF0097F771 /* Resources */ = {
			isa = PBXResourcesBuildPhase;
			buildActionMask = 2147483647;
			files = (
				58E4B90D28C27FF10097F771 /* LaunchScreen.storyboard in Resources */,
				58E4B90A28C27FF10097F771 /* Assets.xcassets in Resources */,
			);
			runOnlyForDeploymentPostprocessing = 0;
		};
/* End PBXResourcesBuildPhase section */

/* Begin PBXSourcesBuildPhase section */
		58E4B8F928C27FEF0097F771 /* Sources */ = {
			isa = PBXSourcesBuildPhase;
			buildActionMask = 2147483647;
			files = (
				58E4B91B28C294210097F771 /* Constant.swift in Sources */,
				5866B76A28C3C1F90019DDA4 /* CollectionPhotoViewCell.swift in Sources */,
				58E4B91928C293A80097F771 /* Photo.swift in Sources */,
				58E4B92228C296920097F771 /* PhotoData.swift in Sources */,
				584DAD6F28C3EEF200ADBA2C /* DescriptionPhotoViewController.swift in Sources */,
				58E4B91728C28F650097F771 /* LikePhotoViewController.swift in Sources */,
				58FB530628CB444F009D52C9 /* PhotoStorage.swift in Sources */,
				58E4B92028C295920097F771 /* NetworkManager.swift in Sources */,
				58E4B90128C27FEF0097F771 /* AppDelegate.swift in Sources */,
				584DAD6B28C3C97B00ADBA2C /* CollectionPhotosViewController.swift in Sources */,
				58E4B90328C27FEF0097F771 /* SceneDelegate.swift in Sources */,
				584DAD6D28C3EC7700ADBA2C /* Extensions.swift in Sources */,
				58E4B91528C28E0A0097F771 /* MainTabBarController.swift in Sources */,
				584DAD7228C407DB00ADBA2C /* LikePhotoTableViewCell.swift in Sources */,
			);
			runOnlyForDeploymentPostprocessing = 0;
		};
/* End PBXSourcesBuildPhase section */

/* Begin PBXVariantGroup section */
		58E4B90B28C27FF10097F771 /* LaunchScreen.storyboard */ = {
			isa = PBXVariantGroup;
			children = (
				58E4B90C28C27FF10097F771 /* Base */,
			);
			name = LaunchScreen.storyboard;
			sourceTree = "<group>";
		};
/* End PBXVariantGroup section */

/* Begin XCBuildConfiguration section */
		58E4B90F28C27FF10097F771 /* Debug */ = {
			isa = XCBuildConfiguration;
			buildSettings = {
				ALWAYS_SEARCH_USER_PATHS = NO;
				CLANG_ANALYZER_NONNULL = YES;
				CLANG_ANALYZER_NUMBER_OBJECT_CONVERSION = YES_AGGRESSIVE;
				CLANG_CXX_LANGUAGE_STANDARD = "gnu++17";
				CLANG_ENABLE_MODULES = YES;
				CLANG_ENABLE_OBJC_ARC = YES;
				CLANG_ENABLE_OBJC_WEAK = YES;
				CLANG_WARN_BLOCK_CAPTURE_AUTORELEASING = YES;
				CLANG_WARN_BOOL_CONVERSION = YES;
				CLANG_WARN_COMMA = YES;
				CLANG_WARN_CONSTANT_CONVERSION = YES;
				CLANG_WARN_DEPRECATED_OBJC_IMPLEMENTATIONS = YES;
				CLANG_WARN_DIRECT_OBJC_ISA_USAGE = YES_ERROR;
				CLANG_WARN_DOCUMENTATION_COMMENTS = YES;
				CLANG_WARN_EMPTY_BODY = YES;
				CLANG_WARN_ENUM_CONVERSION = YES;
				CLANG_WARN_INFINITE_RECURSION = YES;
				CLANG_WARN_INT_CONVERSION = YES;
				CLANG_WARN_NON_LITERAL_NULL_CONVERSION = YES;
				CLANG_WARN_OBJC_IMPLICIT_RETAIN_SELF = YES;
				CLANG_WARN_OBJC_LITERAL_CONVERSION = YES;
				CLANG_WARN_OBJC_ROOT_CLASS = YES_ERROR;
				CLANG_WARN_QUOTED_INCLUDE_IN_FRAMEWORK_HEADER = YES;
				CLANG_WARN_RANGE_LOOP_ANALYSIS = YES;
				CLANG_WARN_STRICT_PROTOTYPES = YES;
				CLANG_WARN_SUSPICIOUS_MOVE = YES;
				CLANG_WARN_UNGUARDED_AVAILABILITY = YES_AGGRESSIVE;
				CLANG_WARN_UNREACHABLE_CODE = YES;
				CLANG_WARN__DUPLICATE_METHOD_MATCH = YES;
				COPY_PHASE_STRIP = NO;
				DEBUG_INFORMATION_FORMAT = dwarf;
				ENABLE_STRICT_OBJC_MSGSEND = YES;
				ENABLE_TESTABILITY = YES;
				GCC_C_LANGUAGE_STANDARD = gnu11;
				GCC_DYNAMIC_NO_PIC = NO;
				GCC_NO_COMMON_BLOCKS = YES;
				GCC_OPTIMIZATION_LEVEL = 0;
				GCC_PREPROCESSOR_DEFINITIONS = (
					"DEBUG=1",
					"$(inherited)",
				);
				GCC_WARN_64_TO_32_BIT_CONVERSION = YES;
				GCC_WARN_ABOUT_RETURN_TYPE = YES_ERROR;
				GCC_WARN_UNDECLARED_SELECTOR = YES;
				GCC_WARN_UNINITIALIZED_AUTOS = YES_AGGRESSIVE;
				GCC_WARN_UNUSED_FUNCTION = YES;
				GCC_WARN_UNUSED_VARIABLE = YES;
				IPHONEOS_DEPLOYMENT_TARGET = 15.5;
				MTL_ENABLE_DEBUG_INFO = INCLUDE_SOURCE;
				MTL_FAST_MATH = YES;
				ONLY_ACTIVE_ARCH = YES;
				SDKROOT = iphoneos;
				SWIFT_ACTIVE_COMPILATION_CONDITIONS = DEBUG;
				SWIFT_OPTIMIZATION_LEVEL = "-Onone";
			};
			name = Debug;
		};
		58E4B91028C27FF10097F771 /* Release */ = {
			isa = XCBuildConfiguration;
			buildSettings = {
				ALWAYS_SEARCH_USER_PATHS = NO;
				CLANG_ANALYZER_NONNULL = YES;
				CLANG_ANALYZER_NUMBER_OBJECT_CONVERSION = YES_AGGRESSIVE;
				CLANG_CXX_LANGUAGE_STANDARD = "gnu++17";
				CLANG_ENABLE_MODULES = YES;
				CLANG_ENABLE_OBJC_ARC = YES;
				CLANG_ENABLE_OBJC_WEAK = YES;
				CLANG_WARN_BLOCK_CAPTURE_AUTORELEASING = YES;
				CLANG_WARN_BOOL_CONVERSION = YES;
				CLANG_WARN_COMMA = YES;
				CLANG_WARN_CONSTANT_CONVERSION = YES;
				CLANG_WARN_DEPRECATED_OBJC_IMPLEMENTATIONS = YES;
				CLANG_WARN_DIRECT_OBJC_ISA_USAGE = YES_ERROR;
				CLANG_WARN_DOCUMENTATION_COMMENTS = YES;
				CLANG_WARN_EMPTY_BODY = YES;
				CLANG_WARN_ENUM_CONVERSION = YES;
				CLANG_WARN_INFINITE_RECURSION = YES;
				CLANG_WARN_INT_CONVERSION = YES;
				CLANG_WARN_NON_LITERAL_NULL_CONVERSION = YES;
				CLANG_WARN_OBJC_IMPLICIT_RETAIN_SELF = YES;
				CLANG_WARN_OBJC_LITERAL_CONVERSION = YES;
				CLANG_WARN_OBJC_ROOT_CLASS = YES_ERROR;
				CLANG_WARN_QUOTED_INCLUDE_IN_FRAMEWORK_HEADER = YES;
				CLANG_WARN_RANGE_LOOP_ANALYSIS = YES;
				CLANG_WARN_STRICT_PROTOTYPES = YES;
				CLANG_WARN_SUSPICIOUS_MOVE = YES;
				CLANG_WARN_UNGUARDED_AVAILABILITY = YES_AGGRESSIVE;
				CLANG_WARN_UNREACHABLE_CODE = YES;
				CLANG_WARN__DUPLICATE_METHOD_MATCH = YES;
				COPY_PHASE_STRIP = NO;
				DEBUG_INFORMATION_FORMAT = "dwarf-with-dsym";
				ENABLE_NS_ASSERTIONS = NO;
				ENABLE_STRICT_OBJC_MSGSEND = YES;
				GCC_C_LANGUAGE_STANDARD = gnu11;
				GCC_NO_COMMON_BLOCKS = YES;
				GCC_WARN_64_TO_32_BIT_CONVERSION = YES;
				GCC_WARN_ABOUT_RETURN_TYPE = YES_ERROR;
				GCC_WARN_UNDECLARED_SELECTOR = YES;
				GCC_WARN_UNINITIALIZED_AUTOS = YES_AGGRESSIVE;
				GCC_WARN_UNUSED_FUNCTION = YES;
				GCC_WARN_UNUSED_VARIABLE = YES;
				IPHONEOS_DEPLOYMENT_TARGET = 15.5;
				MTL_ENABLE_DEBUG_INFO = NO;
				MTL_FAST_MATH = YES;
				SDKROOT = iphoneos;
				SWIFT_COMPILATION_MODE = wholemodule;
				SWIFT_OPTIMIZATION_LEVEL = "-O";
				VALIDATE_PRODUCT = YES;
			};
			name = Release;
		};
		58E4B91228C27FF10097F771 /* Debug */ = {
			isa = XCBuildConfiguration;
			buildSettings = {
				ASSETCATALOG_COMPILER_APPICON_NAME = AppIcon;
				ASSETCATALOG_COMPILER_GLOBAL_ACCENT_COLOR_NAME = AccentColor;
				CODE_SIGN_STYLE = Automatic;
				CURRENT_PROJECT_VERSION = 1;
				DEVELOPMENT_TEAM = 9795PC2KY3;
				GENERATE_INFOPLIST_FILE = YES;
				INFOPLIST_FILE = WhiteAndFluffyTest/Info.plist;
				INFOPLIST_KEY_UIApplicationSupportsIndirectInputEvents = YES;
				INFOPLIST_KEY_UILaunchStoryboardName = LaunchScreen;
				INFOPLIST_KEY_UISupportedInterfaceOrientations_iPad = "UIInterfaceOrientationPortrait UIInterfaceOrientationPortraitUpsideDown UIInterfaceOrientationLandscapeLeft UIInterfaceOrientationLandscapeRight";
				INFOPLIST_KEY_UISupportedInterfaceOrientations_iPhone = "UIInterfaceOrientationPortrait UIInterfaceOrientationLandscapeLeft UIInterfaceOrientationLandscapeRight";
				LD_RUNPATH_SEARCH_PATHS = (
					"$(inherited)",
					"@executable_path/Frameworks",
				);
				MARKETING_VERSION = 1.0;
				PRODUCT_BUNDLE_IDENTIFIER = aGRos.WhiteAndFluffyTest;
				PRODUCT_NAME = "$(TARGET_NAME)";
				SWIFT_EMIT_LOC_STRINGS = YES;
				SWIFT_VERSION = 5.0;
				TARGETED_DEVICE_FAMILY = "1,2";
			};
			name = Debug;
		};
		58E4B91328C27FF10097F771 /* Release */ = {
			isa = XCBuildConfiguration;
			buildSettings = {
				ASSETCATALOG_COMPILER_APPICON_NAME = AppIcon;
				ASSETCATALOG_COMPILER_GLOBAL_ACCENT_COLOR_NAME = AccentColor;
				CODE_SIGN_STYLE = Automatic;
				CURRENT_PROJECT_VERSION = 1;
				DEVELOPMENT_TEAM = 9795PC2KY3;
				GENERATE_INFOPLIST_FILE = YES;
				INFOPLIST_FILE = WhiteAndFluffyTest/Info.plist;
				INFOPLIST_KEY_UIApplicationSupportsIndirectInputEvents = YES;
				INFOPLIST_KEY_UILaunchStoryboardName = LaunchScreen;
				INFOPLIST_KEY_UISupportedInterfaceOrientations_iPad = "UIInterfaceOrientationPortrait UIInterfaceOrientationPortraitUpsideDown UIInterfaceOrientationLandscapeLeft UIInterfaceOrientationLandscapeRight";
				INFOPLIST_KEY_UISupportedInterfaceOrientations_iPhone = "UIInterfaceOrientationPortrait UIInterfaceOrientationLandscapeLeft UIInterfaceOrientationLandscapeRight";
				LD_RUNPATH_SEARCH_PATHS = (
					"$(inherited)",
					"@executable_path/Frameworks",
				);
				MARKETING_VERSION = 1.0;
				PRODUCT_BUNDLE_IDENTIFIER = aGRos.WhiteAndFluffyTest;
				PRODUCT_NAME = "$(TARGET_NAME)";
				SWIFT_EMIT_LOC_STRINGS = YES;
				SWIFT_VERSION = 5.0;
				TARGETED_DEVICE_FAMILY = "1,2";
			};
			name = Release;
		};
/* End XCBuildConfiguration section */

/* Begin XCConfigurationList section */
		58E4B8F828C27FEF0097F771 /* Build configuration list for PBXProject "WhiteAndFluffyTest" */ = {
			isa = XCConfigurationList;
			buildConfigurations = (
				58E4B90F28C27FF10097F771 /* Debug */,
				58E4B91028C27FF10097F771 /* Release */,
			);
			defaultConfigurationIsVisible = 0;
			defaultConfigurationName = Release;
		};
		58E4B91128C27FF10097F771 /* Build configuration list for PBXNativeTarget "WhiteAndFluffyTest" */ = {
			isa = XCConfigurationList;
			buildConfigurations = (
				58E4B91228C27FF10097F771 /* Debug */,
				58E4B91328C27FF10097F771 /* Release */,
			);
			defaultConfigurationIsVisible = 0;
			defaultConfigurationName = Release;
		};
/* End XCConfigurationList section */
	};
	rootObject = 58E4B8F528C27FEF0097F771 /* Project object */;
}
